
Microsoft Visual Studio Solution File, Format Version 12.00
# Visual Studio 2012
Project("{FAE04EC0-301F-11D3-BF4B-00C04F79EFBC}") = "tursibNow", "tursibNow\tursibNow.csproj", "{CFB73F9C-C81C-4EFC-9444-D94F1B917555}"
EndProject
Project("{FAE04EC0-301F-11D3-BF4B-00C04F79EFBC}") = "tursibNow.Tests", "tursibNow.Tests\tursibNow.Tests.csproj", "{BDA42E0D-99C4-4828-AEFA-58DCCFF69A75}"
EndProject
Global
	GlobalSection(SolutionConfigurationPlatforms) = preSolution
		Debug|Any CPU = Debug|Any CPU
		Release|Any CPU = Release|Any CPU
	EndGlobalSection
	GlobalSection(ProjectConfigurationPlatforms) = postSolution
		{CFB73F9C-C81C-4EFC-9444-D94F1B917555}.Debug|Any CPU.ActiveCfg = Debug|Any CPU
		{CFB73F9C-C81C-4EFC-9444-D94F1B917555}.Debug|Any CPU.Build.0 = Debug|Any CPU
		{CFB73F9C-C81C-4EFC-9444-D94F1B917555}.Debug|Any CPU.Deploy.0 = Debug|Any CPU
		{CFB73F9C-C81C-4EFC-9444-D94F1B917555}.Release|Any CPU.ActiveCfg = Release|Any CPU
		{CFB73F9C-C81C-4EFC-9444-D94F1B917555}.Release|Any CPU.Build.0 = Release|Any CPU
		{CFB73F9C-C81C-4EFC-9444-D94F1B917555}.Release|Any CPU.Deploy.0 = Release|Any CPU
		{BDA42E0D-99C4-4828-AEFA-58DCCFF69A75}.Debug|Any CPU.ActiveCfg = Debug|Any CPU
		{BDA42E0D-99C4-4828-AEFA-58DCCFF69A75}.Debug|Any CPU.Build.0 = Debug|Any CPU
		{BDA42E0D-99C4-4828-AEFA-58DCCFF69A75}.Debug|Any CPU.Deploy.0 = Debug|Any CPU
		{BDA42E0D-99C4-4828-AEFA-58DCCFF69A75}.Release|Any CPU.ActiveCfg = Release|Any CPU
		{BDA42E0D-99C4-4828-AEFA-58DCCFF69A75}.Release|Any CPU.Build.0 = Release|Any CPU
	EndGlobalSection
	GlobalSection(SolutionProperties) = preSolution
		HideSolutionNode = FALSE
	EndGlobalSection
	GlobalSection(MonoDevelopProperties) = preSolution
		StartupItem = tursibNow\tursibNow.csproj
	EndGlobalSection
EndGlobal
